
Microsoft Visual Studio Solution File, Format Version 11.00
# Visual Studio 2010
Project("{FAE04EC0-301F-11D3-BF4B-00C04F79EFBC}") = "Assembly-CSharp", "Assembly-CSharp.csproj", "{0AA2887B-D6FE-1D07-EA82-8249578B7979}"
EndProject
Project("{FAE04EC0-301F-11D3-BF4B-00C04F79EFBC}") = "Assembly-CSharp-Editor", "Assembly-CSharp-Editor.csproj", "{75FD89E1-1170-5437-3351-C36E234E99B2}"
EndProject
Global
	GlobalSection(SolutionConfigurationPlatforms) = preSolution
		Debug|Any CPU = Debug|Any CPU
		Release|Any CPU = Release|Any CPU
	EndGlobalSection
	GlobalSection(ProjectConfigurationPlatforms) = postSolution
		{0AA2887B-D6FE-1D07-EA82-8249578B7979}.Debug|Any CPU.ActiveCfg = Debug|Any CPU
		{0AA2887B-D6FE-1D07-EA82-8249578B7979}.Debug|Any CPU.Build.0 = Debug|Any CPU
		{0AA2887B-D6FE-1D07-EA82-8249578B7979}.Release|Any CPU.ActiveCfg = Release|Any CPU
		{0AA2887B-D6FE-1D07-EA82-8249578B7979}.Release|Any CPU.Build.0 = Release|Any CPU
		{75FD89E1-1170-5437-3351-C36E234E99B2}.Debug|Any CPU.ActiveCfg = Debug|Any CPU
		{75FD89E1-1170-5437-3351-C36E234E99B2}.Debug|Any CPU.Build.0 = Debug|Any CPU
		{75FD89E1-1170-5437-3351-C36E234E99B2}.Release|Any CPU.ActiveCfg = Release|Any CPU
		{75FD89E1-1170-5437-3351-C36E234E99B2}.Release|Any CPU.Build.0 = Release|Any CPU
	EndGlobalSection
	GlobalSection(SolutionProperties) = preSolution
		HideSolutionNode = FALSE
	EndGlobalSection
	GlobalSection(MonoDevelopProperties) = preSolution
		StartupItem = Assembly-CSharp.csproj
	EndGlobalSection
EndGlobal
